// !$*UTF8*$!
{
	archiveVersion = 1;
	classes = {
	};
	objectVersion = 56;
	objects = {

/* Begin PBXBuildFile section */
		449A68932C41C4B4005FE473 /* pruebita.swift in Sources */ = {isa = PBXBuildFile; fileRef = 449A68922C41C4B4005FE473 /* pruebita.swift */; };
		BAEB05CA2C41B8AF0062282D /* JamBBVAApp.swift in Sources */ = {isa = PBXBuildFile; fileRef = BAEB05C92C41B8AF0062282D /* JamBBVAApp.swift */; };
		BAEB05CC2C41B8AF0062282D /* ContentView.swift in Sources */ = {isa = PBXBuildFile; fileRef = BAEB05CB2C41B8AF0062282D /* ContentView.swift */; };
		BAEB05CE2C41B8B00062282D /* Assets.xcassets in Resources */ = {isa = PBXBuildFile; fileRef = BAEB05CD2C41B8B00062282D /* Assets.xcassets */; };
		BAEB05D12C41B8B00062282D /* Preview Assets.xcassets in Resources */ = {isa = PBXBuildFile; fileRef = BAEB05D02C41B8B00062282D /* Preview Assets.xcassets */; };
		BAEB05DA2C41C7210062282D /* dodis.swift in Sources */ = {isa = PBXBuildFile; fileRef = BAEB05D92C41C7210062282D /* dodis.swift */; };
		BAEB05DC2C41C88C0062282D /* pimienton.swift in Sources */ = {isa = PBXBuildFile; fileRef = BAEB05DB2C41C88C0062282D /* pimienton.swift */; };
		BAEB05DE2C41D0AA0062282D /* ceci.swift in Sources */ = {isa = PBXBuildFile; fileRef = BAEB05DD2C41D0AA0062282D /* ceci.swift */; };
/* End PBXBuildFile section */

/* Begin PBXFileReference section */
		449A68922C41C4B4005FE473 /* pruebita.swift */ = {isa = PBXFileReference; lastKnownFileType = sourcecode.swift; path = pruebita.swift; sourceTree = "<group>"; };
		BAEB05C62C41B8AF0062282D /* JamBBVA.app */ = {isa = PBXFileReference; explicitFileType = wrapper.application; includeInIndex = 0; path = JamBBVA.app; sourceTree = BUILT_PRODUCTS_DIR; };
		BAEB05C92C41B8AF0062282D /* JamBBVAApp.swift */ = {isa = PBXFileReference; lastKnownFileType = sourcecode.swift; path = JamBBVAApp.swift; sourceTree = "<group>"; };
		BAEB05CB2C41B8AF0062282D /* ContentView.swift */ = {isa = PBXFileReference; lastKnownFileType = sourcecode.swift; path = ContentView.swift; sourceTree = "<group>"; };
		BAEB05CD2C41B8B00062282D /* Assets.xcassets */ = {isa = PBXFileReference; lastKnownFileType = folder.assetcatalog; path = Assets.xcassets; sourceTree = "<group>"; };
		BAEB05D02C41B8B00062282D /* Preview Assets.xcassets */ = {isa = PBXFileReference; lastKnownFileType = folder.assetcatalog; path = "Preview Assets.xcassets"; sourceTree = "<group>"; };
		BAEB05D92C41C7210062282D /* dodis.swift */ = {isa = PBXFileReference; lastKnownFileType = sourcecode.swift; path = dodis.swift; sourceTree = "<group>"; };
		BAEB05DB2C41C88C0062282D /* pimienton.swift */ = {isa = PBXFileReference; lastKnownFileType = sourcecode.swift; path = pimienton.swift; sourceTree = "<group>"; };
		BAEB05DD2C41D0AA0062282D /* ceci.swift */ = {isa = PBXFileReference; lastKnownFileType = sourcecode.swift; path = ceci.swift; sourceTree = "<group>"; };
/* End PBXFileReference section */

/* Begin PBXFrameworksBuildPhase section */
		BAEB05C32C41B8AF0062282D /* Frameworks */ = {
			isa = PBXFrameworksBuildPhase;
			buildActionMask = 2147483647;
			files = (
			);
			runOnlyForDeploymentPostprocessing = 0;
		};
/* End PBXFrameworksBuildPhase section */

/* Begin PBXGroup section */
		BAEB05BD2C41B8AF0062282D = {
			isa = PBXGroup;
			children = (
				BAEB05C82C41B8AF0062282D /* JamBBVA */,
				BAEB05C72C41B8AF0062282D /* Products */,
			);
			sourceTree = "<group>";
		};
		BAEB05C72C41B8AF0062282D /* Products */ = {
			isa = PBXGroup;
			children = (
				BAEB05C62C41B8AF0062282D /* JamBBVA.app */,
			);
			name = Products;
			sourceTree = "<group>";
		};
		BAEB05C82C41B8AF0062282D /* JamBBVA */ = {
			isa = PBXGroup;
			children = (
				BAEB05C92C41B8AF0062282D /* JamBBVAApp.swift */,
				BAEB05CB2C41B8AF0062282D /* ContentView.swift */,
				BAEB05DB2C41C88C0062282D /* pimienton.swift */,
				BAEB05D92C41C7210062282D /* dodis.swift */,
				BAEB05DD2C41D0AA0062282D /* ceci.swift */,
				449A68922C41C4B4005FE473 /* pruebita.swift */,
				BAEB05CD2C41B8B00062282D /* Assets.xcassets */,
				BAEB05CF2C41B8B00062282D /* Preview Content */,
			);
			path = JamBBVA;
			sourceTree = "<group>";
		};
		BAEB05CF2C41B8B00062282D /* Preview Content */ = {
			isa = PBXGroup;
			children = (
				BAEB05D02C41B8B00062282D /* Preview Assets.xcassets */,
			);
			path = "Preview Content";
			sourceTree = "<group>";
		};
/* End PBXGroup section */

/* Begin PBXNativeTarget section */
		BAEB05C52C41B8AF0062282D /* JamBBVA */ = {
			isa = PBXNativeTarget;
			buildConfigurationList = BAEB05D42C41B8B00062282D /* Build configuration list for PBXNativeTarget "JamBBVA" */;
			buildPhases = (
				BAEB05C22C41B8AF0062282D /* Sources */,
				BAEB05C32C41B8AF0062282D /* Frameworks */,
				BAEB05C42C41B8AF0062282D /* Resources */,
			);
			buildRules = (
			);
			dependencies = (
			);
			name = JamBBVA;
			productName = JamBBVA;
			productReference = BAEB05C62C41B8AF0062282D /* JamBBVA.app */;
			productType = "com.apple.product-type.application";
		};
/* End PBXNativeTarget section */

/* Begin PBXProject section */
		BAEB05BE2C41B8AF0062282D /* Project object */ = {
			isa = PBXProject;
			attributes = {
				BuildIndependentTargetsInParallel = 1;
				LastSwiftUpdateCheck = 1540;
				LastUpgradeCheck = 1540;
				TargetAttributes = {
					BAEB05C52C41B8AF0062282D = {
						CreatedOnToolsVersion = 15.4;
					};
				};
			};
			buildConfigurationList = BAEB05C12C41B8AF0062282D /* Build configuration list for PBXProject "JamBBVA" */;
			compatibilityVersion = "Xcode 14.0";
			developmentRegion = en;
			hasScannedForEncodings = 0;
			knownRegions = (
				en,
				Base,
			);
			mainGroup = BAEB05BD2C41B8AF0062282D;
			productRefGroup = BAEB05C72C41B8AF0062282D /* Products */;
			projectDirPath = "";
			projectRoot = "";
			targets = (
				BAEB05C52C41B8AF0062282D /* JamBBVA */,
			);
		};
/* End PBXProject section */

/* Begin PBXResourcesBuildPhase section */
		BAEB05C42C41B8AF0062282D /* Resources */ = {
			isa = PBXResourcesBuildPhase;
			buildActionMask = 2147483647;
			files = (
				BAEB05D12C41B8B00062282D /* Preview Assets.xcassets in Resources */,
				BAEB05CE2C41B8B00062282D /* Assets.xcassets in Resources */,
			);
			runOnlyForDeploymentPostprocessing = 0;
		};
/* End PBXResourcesBuildPhase section */

/* Begin PBXSourcesBuildPhase section */
		BAEB05C22C41B8AF0062282D /* Sources */ = {
			isa = PBXSourcesBuildPhase;
			buildActionMask = 2147483647;
			files = (
				449A68932C41C4B4005FE473 /* pruebita.swift in Sources */,
				BAEB05DA2C41C7210062282D /* dodis.swift in Sources */,
				BAEB05CC2C41B8AF0062282D /* ContentView.swift in Sources */,
				BAEB05CA2C41B8AF0062282D /* JamBBVAApp.swift in Sources */,
				BAEB05DC2C41C88C0062282D /* pimienton.swift in Sources */,
				BAEB05DE2C41D0AA0062282D /* ceci.swift in Sources */,
			);
			runOnlyForDeploymentPostprocessing = 0;
		};
/* End PBXSourcesBuildPhase section */

/* Begin XCBuildConfiguration section */
		BAEB05D22C41B8B00062282D /* Debug */ = {
			isa = XCBuildConfiguration;
			buildSettings = {
				ALWAYS_SEARCH_USER_PATHS = NO;
				ASSETCATALOG_COMPILER_GENERATE_SWIFT_ASSET_SYMBOL_EXTENSIONS = YES;
				CLANG_ANALYZER_NONNULL = YES;
				CLANG_ANALYZER_NUMBER_OBJECT_CONVERSION = YES_AGGRESSIVE;
				CLANG_CXX_LANGUAGE_STANDARD = "gnu++20";
				CLANG_ENABLE_MODULES = YES;
				CLANG_ENABLE_OBJC_ARC = YES;
				CLANG_ENABLE_OBJC_WEAK = YES;
				CLANG_WARN_BLOCK_CAPTURE_AUTORELEASING = YES;
				CLANG_WARN_BOOL_CONVERSION = YES;
				CLANG_WARN_COMMA = YES;
				CLANG_WARN_CONSTANT_CONVERSION = YES;
				CLANG_WARN_DEPRECATED_OBJC_IMPLEMENTATIONS = YES;
				CLANG_WARN_DIRECT_OBJC_ISA_USAGE = YES_ERROR;
				CLANG_WARN_DOCUMENTATION_COMMENTS = YES;
				CLANG_WARN_EMPTY_BODY = YES;
				CLANG_WARN_ENUM_CONVERSION = YES;
				CLANG_WARN_INFINITE_RECURSION = YES;
				CLANG_WARN_INT_CONVERSION = YES;
				CLANG_WARN_NON_LITERAL_NULL_CONVERSION = YES;
				CLANG_WARN_OBJC_IMPLICIT_RETAIN_SELF = YES;
				CLANG_WARN_OBJC_LITERAL_CONVERSION = YES;
				CLANG_WARN_OBJC_ROOT_CLASS = YES_ERROR;
				CLANG_WARN_QUOTED_INCLUDE_IN_FRAMEWORK_HEADER = YES;
				CLANG_WARN_RANGE_LOOP_ANALYSIS = YES;
				CLANG_WARN_STRICT_PROTOTYPES = YES;
				CLANG_WARN_SUSPICIOUS_MOVE = YES;
				CLANG_WARN_UNGUARDED_AVAILABILITY = YES_AGGRESSIVE;
				CLANG_WARN_UNREACHABLE_CODE = YES;
				CLANG_WARN__DUPLICATE_METHOD_MATCH = YES;
				COPY_PHASE_STRIP = NO;
				DEBUG_INFORMATION_FORMAT = dwarf;
				ENABLE_STRICT_OBJC_MSGSEND = YES;
				ENABLE_TESTABILITY = YES;
				ENABLE_USER_SCRIPT_SANDBOXING = YES;
				GCC_C_LANGUAGE_STANDARD = gnu17;
				GCC_DYNAMIC_NO_PIC = NO;
				GCC_NO_COMMON_BLOCKS = YES;
				GCC_OPTIMIZATION_LEVEL = 0;
				GCC_PREPROCESSOR_DEFINITIONS = (
					"DEBUG=1",
					"$(inherited)",
				);
				GCC_WARN_64_TO_32_BIT_CONVERSION = YES;
				GCC_WARN_ABOUT_RETURN_TYPE = YES_ERROR;
				GCC_WARN_UNDECLARED_SELECTOR = YES;
				GCC_WARN_UNINITIALIZED_AUTOS = YES_AGGRESSIVE;
				GCC_WARN_UNUSED_FUNCTION = YES;
				GCC_WARN_UNUSED_VARIABLE = YES;
				IPHONEOS_DEPLOYMENT_TARGET = 17.5;
				LOCALIZATION_PREFERS_STRING_CATALOGS = YES;
				MTL_ENABLE_DEBUG_INFO = INCLUDE_SOURCE;
				MTL_FAST_MATH = YES;
				ONLY_ACTIVE_ARCH = YES;
				SDKROOT = iphoneos;
				SWIFT_ACTIVE_COMPILATION_CONDITIONS = "DEBUG $(inherited)";
				SWIFT_OPTIMIZATION_LEVEL = "-Onone";
			};
			name = Debug;
		};
		BAEB05D32C41B8B00062282D /* Release */ = {
			isa = XCBuildConfiguration;
			buildSettings = {
				ALWAYS_SEARCH_USER_PATHS = NO;
				ASSETCATALOG_COMPILER_GENERATE_SWIFT_ASSET_SYMBOL_EXTENSIONS = YES;
				CLANG_ANALYZER_NONNULL = YES;
				CLANG_ANALYZER_NUMBER_OBJECT_CONVERSION = YES_AGGRESSIVE;
				CLANG_CXX_LANGUAGE_STANDARD = "gnu++20";
				CLANG_ENABLE_MODULES = YES;
				CLANG_ENABLE_OBJC_ARC = YES;
				CLANG_ENABLE_OBJC_WEAK = YES;
				CLANG_WARN_BLOCK_CAPTURE_AUTORELEASING = YES;
				CLANG_WARN_BOOL_CONVERSION = YES;
				CLANG_WARN_COMMA = YES;
				CLANG_WARN_CONSTANT_CONVERSION = YES;
				CLANG_WARN_DEPRECATED_OBJC_IMPLEMENTATIONS = YES;
				CLANG_WARN_DIRECT_OBJC_ISA_USAGE = YES_ERROR;
				CLANG_WARN_DOCUMENTATION_COMMENTS = YES;
				CLANG_WARN_EMPTY_BODY = YES;
				CLANG_WARN_ENUM_CONVERSION = YES;
				CLANG_WARN_INFINITE_RECURSION = YES;
				CLANG_WARN_INT_CONVERSION = YES;
				CLANG_WARN_NON_LITERAL_NULL_CONVERSION = YES;
				CLANG_WARN_OBJC_IMPLICIT_RETAIN_SELF = YES;
				CLANG_WARN_OBJC_LITERAL_CONVERSION = YES;
				CLANG_WARN_OBJC_ROOT_CLASS = YES_ERROR;
				CLANG_WARN_QUOTED_INCLUDE_IN_FRAMEWORK_HEADER = YES;
				CLANG_WARN_RANGE_LOOP_ANALYSIS = YES;
				CLANG_WARN_STRICT_PROTOTYPES = YES;
				CLANG_WARN_SUSPICIOUS_MOVE = YES;
				CLANG_WARN_UNGUARDED_AVAILABILITY = YES_AGGRESSIVE;
				CLANG_WARN_UNREACHABLE_CODE = YES;
				CLANG_WARN__DUPLICATE_METHOD_MATCH = YES;
				COPY_PHASE_STRIP = NO;
				DEBUG_INFORMATION_FORMAT = "dwarf-with-dsym";
				ENABLE_NS_ASSERTIONS = NO;
				ENABLE_STRICT_OBJC_MSGSEND = YES;
				ENABLE_USER_SCRIPT_SANDBOXING = YES;
				GCC_C_LANGUAGE_STANDARD = gnu17;
				GCC_NO_COMMON_BLOCKS = YES;
				GCC_WARN_64_TO_32_BIT_CONVERSION = YES;
				GCC_WARN_ABOUT_RETURN_TYPE = YES_ERROR;
				GCC_WARN_UNDECLARED_SELECTOR = YES;
				GCC_WARN_UNINITIALIZED_AUTOS = YES_AGGRESSIVE;
				GCC_WARN_UNUSED_FUNCTION = YES;
				GCC_WARN_UNUSED_VARIABLE = YES;
				IPHONEOS_DEPLOYMENT_TARGET = 17.5;
				LOCALIZATION_PREFERS_STRING_CATALOGS = YES;
				MTL_ENABLE_DEBUG_INFO = NO;
				MTL_FAST_MATH = YES;
				SDKROOT = iphoneos;
				SWIFT_COMPILATION_MODE = wholemodule;
				VALIDATE_PRODUCT = YES;
			};
			name = Release;
		};
		BAEB05D52C41B8B00062282D /* Debug */ = {
			isa = XCBuildConfiguration;
			buildSettings = {
				ASSETCATALOG_COMPILER_APPICON_NAME = AppIcon;
				ASSETCATALOG_COMPILER_GLOBAL_ACCENT_COLOR_NAME = AccentColor;
				CODE_SIGN_STYLE = Automatic;
				CURRENT_PROJECT_VERSION = 1;
				DEVELOPMENT_ASSET_PATHS = "\"JamBBVA/Preview Content\"";
				DEVELOPMENT_TEAM = 8W787W3FG5;
				ENABLE_PREVIEWS = YES;
				GENERATE_INFOPLIST_FILE = YES;
				INFOPLIST_KEY_UIApplicationSceneManifest_Generation = YES;
				INFOPLIST_KEY_UIApplicationSupportsIndirectInputEvents = YES;
				INFOPLIST_KEY_UILaunchScreen_Generation = YES;
				INFOPLIST_KEY_UISupportedInterfaceOrientations_iPad = "UIInterfaceOrientationPortrait UIInterfaceOrientationPortraitUpsideDown UIInterfaceOrientationLandscapeLeft UIInterfaceOrientationLandscapeRight";
				INFOPLIST_KEY_UISupportedInterfaceOrientations_iPhone = "UIInterfaceOrientationPortrait UIInterfaceOrientationLandscapeLeft UIInterfaceOrientationLandscapeRight";
				LD_RUNPATH_SEARCH_PATHS = (
					"$(inherited)",
					"@executable_path/Frameworks",
				);
				MARKETING_VERSION = 1.0;
				PRODUCT_BUNDLE_IDENTIFIER = Udlap.JamBBVA;
				PRODUCT_NAME = "$(TARGET_NAME)";
				SWIFT_EMIT_LOC_STRINGS = YES;
				SWIFT_VERSION = 5.0;
				TARGETED_DEVICE_FAMILY = "1,2";
			};
			name = Debug;
		};
		BAEB05D62C41B8B00062282D /* Release */ = {
			isa = XCBuildConfiguration;
			buildSettings = {
				ASSETCATALOG_COMPILER_APPICON_NAME = AppIcon;
				ASSETCATALOG_COMPILER_GLOBAL_ACCENT_COLOR_NAME = AccentColor;
				CODE_SIGN_STYLE = Automatic;
				CURRENT_PROJECT_VERSION = 1;
				DEVELOPMENT_ASSET_PATHS = "\"JamBBVA/Preview Content\"";
				DEVELOPMENT_TEAM = 8W787W3FG5;
				ENABLE_PREVIEWS = YES;
				GENERATE_INFOPLIST_FILE = YES;
				INFOPLIST_KEY_UIApplicationSceneManifest_Generation = YES;
				INFOPLIST_KEY_UIApplicationSupportsIndirectInputEvents = YES;
				INFOPLIST_KEY_UILaunchScreen_Generation = YES;
				INFOPLIST_KEY_UISupportedInterfaceOrientations_iPad = "UIInterfaceOrientationPortrait UIInterfaceOrientationPortraitUpsideDown UIInterfaceOrientationLandscapeLeft UIInterfaceOrientationLandscapeRight";
				INFOPLIST_KEY_UISupportedInterfaceOrientations_iPhone = "UIInterfaceOrientationPortrait UIInterfaceOrientationLandscapeLeft UIInterfaceOrientationLandscapeRight";
				LD_RUNPATH_SEARCH_PATHS = (
					"$(inherited)",
					"@executable_path/Frameworks",
				);
				MARKETING_VERSION = 1.0;
				PRODUCT_BUNDLE_IDENTIFIER = Udlap.JamBBVA;
				PRODUCT_NAME = "$(TARGET_NAME)";
				SWIFT_EMIT_LOC_STRINGS = YES;
				SWIFT_VERSION = 5.0;
				TARGETED_DEVICE_FAMILY = "1,2";
			};
			name = Release;
		};
/* End XCBuildConfiguration section */

/* Begin XCConfigurationList section */
		BAEB05C12C41B8AF0062282D /* Build configuration list for PBXProject "JamBBVA" */ = {
			isa = XCConfigurationList;
			buildConfigurations = (
				BAEB05D22C41B8B00062282D /* Debug */,
				BAEB05D32C41B8B00062282D /* Release */,
			);
			defaultConfigurationIsVisible = 0;
			defaultConfigurationName = Release;
		};
		BAEB05D42C41B8B00062282D /* Build configuration list for PBXNativeTarget "JamBBVA" */ = {
			isa = XCConfigurationList;
			buildConfigurations = (
				BAEB05D52C41B8B00062282D /* Debug */,
				BAEB05D62C41B8B00062282D /* Release */,
			);
			defaultConfigurationIsVisible = 0;
			defaultConfigurationName = Release;
		};
/* End XCConfigurationList section */
	};
	rootObject = BAEB05BE2C41B8AF0062282D /* Project object */;
}
